// !$*UTF8*$!
{
	archiveVersion = 1;
	classes = {
	};
	objectVersion = 52;
	objects = {

/* Begin PBXBuildFile section */
		94E1FE902476FC5100054E45 /* AppDelegate.swift in Sources */ = {isa = PBXBuildFile; fileRef = 94E1FE8F2476FC5100054E45 /* AppDelegate.swift */; };
		94E1FE922476FC5100054E45 /* SceneDelegate.swift in Sources */ = {isa = PBXBuildFile; fileRef = 94E1FE912476FC5100054E45 /* SceneDelegate.swift */; };
		94E1FE942476FC5100054E45 /* ContentView.swift in Sources */ = {isa = PBXBuildFile; fileRef = 94E1FE932476FC5100054E45 /* ContentView.swift */; };
		94E1FE962476FC5200054E45 /* Assets.xcassets in Resources */ = {isa = PBXBuildFile; fileRef = 94E1FE952476FC5200054E45 /* Assets.xcassets */; };
		94E1FE992476FC5200054E45 /* Preview Assets.xcassets in Resources */ = {isa = PBXBuildFile; fileRef = 94E1FE982476FC5200054E45 /* Preview Assets.xcassets */; };
		94E1FE9C2476FC5200054E45 /* LaunchScreen.storyboard in Resources */ = {isa = PBXBuildFile; fileRef = 94E1FE9A2476FC5200054E45 /* LaunchScreen.storyboard */; };
		94E1FEA52476FCAB00054E45 /* ComposableArchitecture in Frameworks */ = {isa = PBXBuildFile; productRef = 94E1FEA42476FCAB00054E45 /* ComposableArchitecture */; };
		94E1FEAD24771DAA00054E45 /* TodosTCATests.swift in Sources */ = {isa = PBXBuildFile; fileRef = 94E1FEAC24771DAA00054E45 /* TodosTCATests.swift */; };
/* End PBXBuildFile section */

/* Begin PBXContainerItemProxy section */
		94E1FEAF24771DAA00054E45 /* PBXContainerItemProxy */ = {
			isa = PBXContainerItemProxy;
			containerPortal = 94E1FE842476FC5100054E45 /* Project object */;
			proxyType = 1;
			remoteGlobalIDString = 94E1FE8B2476FC5100054E45;
			remoteInfo = TodosTCA;
		};
/* End PBXContainerItemProxy section */

/* Begin PBXFileReference section */
		94E1FE8C2476FC5100054E45 /* TodosTCA.app */ = {isa = PBXFileReference; explicitFileType = wrapper.application; includeInIndex = 0; path = TodosTCA.app; sourceTree = BUILT_PRODUCTS_DIR; };
		94E1FE8F2476FC5100054E45 /* AppDelegate.swift */ = {isa = PBXFileReference; lastKnownFileType = sourcecode.swift; path = AppDelegate.swift; sourceTree = "<group>"; };
		94E1FE912476FC5100054E45 /* SceneDelegate.swift */ = {isa = PBXFileReference; lastKnownFileType = sourcecode.swift; path = SceneDelegate.swift; sourceTree = "<group>"; };
		94E1FE932476FC5100054E45 /* ContentView.swift */ = {isa = PBXFileReference; lastKnownFileType = sourcecode.swift; path = ContentView.swift; sourceTree = "<group>"; };
		94E1FE952476FC5200054E45 /* Assets.xcassets */ = {isa = PBXFileReference; lastKnownFileType = folder.assetcatalog; path = Assets.xcassets; sourceTree = "<group>"; };
		94E1FE982476FC5200054E45 /* Preview Assets.xcassets */ = {isa = PBXFileReference; lastKnownFileType = folder.assetcatalog; path = "Preview Assets.xcassets"; sourceTree = "<group>"; };
		94E1FE9B2476FC5200054E45 /* Base */ = {isa = PBXFileReference; lastKnownFileType = file.storyboard; name = Base; path = Base.lproj/LaunchScreen.storyboard; sourceTree = "<group>"; };
		94E1FE9D2476FC5200054E45 /* Info.plist */ = {isa = PBXFileReference; lastKnownFileType = text.plist.xml; path = Info.plist; sourceTree = "<group>"; };
		94E1FEAA24771DAA00054E45 /* TodosTCATests.xctest */ = {isa = PBXFileReference; explicitFileType = wrapper.cfbundle; includeInIndex = 0; path = TodosTCATests.xctest; sourceTree = BUILT_PRODUCTS_DIR; };
		94E1FEAC24771DAA00054E45 /* TodosTCATests.swift */ = {isa = PBXFileReference; lastKnownFileType = sourcecode.swift; path = TodosTCATests.swift; sourceTree = "<group>"; };
		94E1FEAE24771DAA00054E45 /* Info.plist */ = {isa = PBXFileReference; lastKnownFileType = text.plist.xml; path = Info.plist; sourceTree = "<group>"; };
/* End PBXFileReference section */

/* Begin PBXFrameworksBuildPhase section */
		94E1FE892476FC5100054E45 /* Frameworks */ = {
			isa = PBXFrameworksBuildPhase;
			buildActionMask = 2147483647;
			files = (
				94E1FEA52476FCAB00054E45 /* ComposableArchitecture in Frameworks */,
			);
			runOnlyForDeploymentPostprocessing = 0;
		};
		94E1FEA724771DAA00054E45 /* Frameworks */ = {
			isa = PBXFrameworksBuildPhase;
			buildActionMask = 2147483647;
			files = (
			);
			runOnlyForDeploymentPostprocessing = 0;
		};
/* End PBXFrameworksBuildPhase section */

/* Begin PBXGroup section */
		94E1FE832476FC5100054E45 = {
			isa = PBXGroup;
			children = (
				94E1FE8E2476FC5100054E45 /* TodosTCA */,
				94E1FEAB24771DAA00054E45 /* TodosTCATests */,
				94E1FE8D2476FC5100054E45 /* Products */,
			);
			sourceTree = "<group>";
		};
		94E1FE8D2476FC5100054E45 /* Products */ = {
			isa = PBXGroup;
			children = (
				94E1FE8C2476FC5100054E45 /* TodosTCA.app */,
				94E1FEAA24771DAA00054E45 /* TodosTCATests.xctest */,
			);
			name = Products;
			sourceTree = "<group>";
		};
		94E1FE8E2476FC5100054E45 /* TodosTCA */ = {
			isa = PBXGroup;
			children = (
				94E1FE8F2476FC5100054E45 /* AppDelegate.swift */,
				94E1FE912476FC5100054E45 /* SceneDelegate.swift */,
				94E1FE932476FC5100054E45 /* ContentView.swift */,
				94E1FE952476FC5200054E45 /* Assets.xcassets */,
				94E1FE9A2476FC5200054E45 /* LaunchScreen.storyboard */,
				94E1FE9D2476FC5200054E45 /* Info.plist */,
				94E1FE972476FC5200054E45 /* Preview Content */,
			);
			path = TodosTCA;
			sourceTree = "<group>";
		};
		94E1FE972476FC5200054E45 /* Preview Content */ = {
			isa = PBXGroup;
			children = (
				94E1FE982476FC5200054E45 /* Preview Assets.xcassets */,
			);
			path = "Preview Content";
			sourceTree = "<group>";
		};
		94E1FEAB24771DAA00054E45 /* TodosTCATests */ = {
			isa = PBXGroup;
			children = (
				94E1FEAC24771DAA00054E45 /* TodosTCATests.swift */,
				94E1FEAE24771DAA00054E45 /* Info.plist */,
			);
			path = TodosTCATests;
			sourceTree = "<group>";
		};
/* End PBXGroup section */

/* Begin PBXNativeTarget section */
		94E1FE8B2476FC5100054E45 /* TodosTCA */ = {
			isa = PBXNativeTarget;
			buildConfigurationList = 94E1FEA02476FC5200054E45 /* Build configuration list for PBXNativeTarget "TodosTCA" */;
			buildPhases = (
				94E1FE882476FC5100054E45 /* Sources */,
				94E1FE892476FC5100054E45 /* Frameworks */,
				94E1FE8A2476FC5100054E45 /* Resources */,
			);
			buildRules = (
			);
			dependencies = (
			);
			name = TodosTCA;
			packageProductDependencies = (
				94E1FEA42476FCAB00054E45 /* ComposableArchitecture */,
			);
			productName = TodosTCA;
			productReference = 94E1FE8C2476FC5100054E45 /* TodosTCA.app */;
			productType = "com.apple.product-type.application";
		};
		94E1FEA924771DAA00054E45 /* TodosTCATests */ = {
			isa = PBXNativeTarget;
			buildConfigurationList = 94E1FEB124771DAA00054E45 /* Build configuration list for PBXNativeTarget "TodosTCATests" */;
			buildPhases = (
				94E1FEA624771DAA00054E45 /* Sources */,
				94E1FEA724771DAA00054E45 /* Frameworks */,
				94E1FEA824771DAA00054E45 /* Resources */,
			);
			buildRules = (
			);
			dependencies = (
				94E1FEB024771DAA00054E45 /* PBXTargetDependency */,
			);
			name = TodosTCATests;
			productName = TodosTCATests;
			productReference = 94E1FEAA24771DAA00054E45 /* TodosTCATests.xctest */;
			productType = "com.apple.product-type.bundle.unit-test";
		};
/* End PBXNativeTarget section */

/* Begin PBXProject section */
		94E1FE842476FC5100054E45 /* Project object */ = {
			isa = PBXProject;
			attributes = {
				LastSwiftUpdateCheck = 1140;
				LastUpgradeCheck = 1140;
				ORGANIZATIONNAME = "Donald McAllister";
				TargetAttributes = {
					94E1FE8B2476FC5100054E45 = {
						CreatedOnToolsVersion = 11.4;
					};
					94E1FEA924771DAA00054E45 = {
						CreatedOnToolsVersion = 11.4;
						TestTargetID = 94E1FE8B2476FC5100054E45;
					};
				};
			};
			buildConfigurationList = 94E1FE872476FC5100054E45 /* Build configuration list for PBXProject "TodosTCA" */;
			compatibilityVersion = "Xcode 9.3";
			developmentRegion = en;
			hasScannedForEncodings = 0;
			knownRegions = (
				en,
				Base,
			);
			mainGroup = 94E1FE832476FC5100054E45;
			packageReferences = (
				94E1FEA32476FCAB00054E45 /* XCRemoteSwiftPackageReference "swift-composable-architecture" */,
			);
			productRefGroup = 94E1FE8D2476FC5100054E45 /* Products */;
			projectDirPath = "";
			projectRoot = "";
			targets = (
				94E1FE8B2476FC5100054E45 /* TodosTCA */,
				94E1FEA924771DAA00054E45 /* TodosTCATests */,
			);
		};
/* End PBXProject section */

/* Begin PBXResourcesBuildPhase section */
		94E1FE8A2476FC5100054E45 /* Resources */ = {
			isa = PBXResourcesBuildPhase;
			buildActionMask = 2147483647;
			files = (
				94E1FE9C2476FC5200054E45 /* LaunchScreen.storyboard in Resources */,
				94E1FE992476FC5200054E45 /* Preview Assets.xcassets in Resources */,
				94E1FE962476FC5200054E45 /* Assets.xcassets in Resources */,
			);
			runOnlyForDeploymentPostprocessing = 0;
		};
		94E1FEA824771DAA00054E45 /* Resources */ = {
			isa = PBXResourcesBuildPhase;
			buildActionMask = 2147483647;
			files = (
			);
			runOnlyForDeploymentPostprocessing = 0;
		};
/* End PBXResourcesBuildPhase section */

/* Begin PBXSourcesBuildPhase section */
		94E1FE882476FC5100054E45 /* Sources */ = {
			isa = PBXSourcesBuildPhase;
			buildActionMask = 2147483647;
			files = (
				94E1FE902476FC5100054E45 /* AppDelegate.swift in Sources */,
				94E1FE922476FC5100054E45 /* SceneDelegate.swift in Sources */,
				94E1FE942476FC5100054E45 /* ContentView.swift in Sources */,
			);
			runOnlyForDeploymentPostprocessing = 0;
		};
		94E1FEA624771DAA00054E45 /* Sources */ = {
			isa = PBXSourcesBuildPhase;
			buildActionMask = 2147483647;
			files = (
				94E1FEAD24771DAA00054E45 /* TodosTCATests.swift in Sources */,
			);
			runOnlyForDeploymentPostprocessing = 0;
		};
/* End PBXSourcesBuildPhase section */

/* Begin PBXTargetDependency section */
		94E1FEB024771DAA00054E45 /* PBXTargetDependency */ = {
			isa = PBXTargetDependency;
			target = 94E1FE8B2476FC5100054E45 /* TodosTCA */;
			targetProxy = 94E1FEAF24771DAA00054E45 /* PBXContainerItemProxy */;
		};
/* End PBXTargetDependency section */

/* Begin PBXVariantGroup section */
		94E1FE9A2476FC5200054E45 /* LaunchScreen.storyboard */ = {
			isa = PBXVariantGroup;
			children = (
				94E1FE9B2476FC5200054E45 /* Base */,
			);
			name = LaunchScreen.storyboard;
			sourceTree = "<group>";
		};
/* End PBXVariantGroup section */

/* Begin XCBuildConfiguration section */
		94E1FE9E2476FC5200054E45 /* Debug */ = {
			isa = XCBuildConfiguration;
			buildSettings = {
				ALWAYS_SEARCH_USER_PATHS = NO;
				CLANG_ANALYZER_NONNULL = YES;
				CLANG_ANALYZER_NUMBER_OBJECT_CONVERSION = YES_AGGRESSIVE;
				CLANG_CXX_LANGUAGE_STANDARD = "gnu++14";
				CLANG_CXX_LIBRARY = "libc++";
				CLANG_ENABLE_MODULES = YES;
				CLANG_ENABLE_OBJC_ARC = YES;
				CLANG_ENABLE_OBJC_WEAK = YES;
				CLANG_WARN_BLOCK_CAPTURE_AUTORELEASING = YES;
				CLANG_WARN_BOOL_CONVERSION = YES;
				CLANG_WARN_COMMA = YES;
				CLANG_WARN_CONSTANT_CONVERSION = YES;
				CLANG_WARN_DEPRECATED_OBJC_IMPLEMENTATIONS = YES;
				CLANG_WARN_DIRECT_OBJC_ISA_USAGE = YES_ERROR;
				CLANG_WARN_DOCUMENTATION_COMMENTS = YES;
				CLANG_WARN_EMPTY_BODY = YES;
				CLANG_WARN_ENUM_CONVERSION = YES;
				CLANG_WARN_INFINITE_RECURSION = YES;
				CLANG_WARN_INT_CONVERSION = YES;
				CLANG_WARN_NON_LITERAL_NULL_CONVERSION = YES;
				CLANG_WARN_OBJC_IMPLICIT_RETAIN_SELF = YES;
				CLANG_WARN_OBJC_LITERAL_CONVERSION = YES;
				CLANG_WARN_OBJC_ROOT_CLASS = YES_ERROR;
				CLANG_WARN_RANGE_LOOP_ANALYSIS = YES;
				CLANG_WARN_STRICT_PROTOTYPES = YES;
				CLANG_WARN_SUSPICIOUS_MOVE = YES;
				CLANG_WARN_UNGUARDED_AVAILABILITY = YES_AGGRESSIVE;
				CLANG_WARN_UNREACHABLE_CODE = YES;
				CLANG_WARN__DUPLICATE_METHOD_MATCH = YES;
				COPY_PHASE_STRIP = NO;
				DEBUG_INFORMATION_FORMAT = dwarf;
				ENABLE_STRICT_OBJC_MSGSEND = YES;
				ENABLE_TESTABILITY = YES;
				GCC_C_LANGUAGE_STANDARD = gnu11;
				GCC_DYNAMIC_NO_PIC = NO;
				GCC_NO_COMMON_BLOCKS = YES;
				GCC_OPTIMIZATION_LEVEL = 0;
				GCC_PREPROCESSOR_DEFINITIONS = (
					"DEBUG=1",
					"$(inherited)",
				);
				GCC_WARN_64_TO_32_BIT_CONVERSION = YES;
				GCC_WARN_ABOUT_RETURN_TYPE = YES_ERROR;
				GCC_WARN_UNDECLARED_SELECTOR = YES;
				GCC_WARN_UNINITIALIZED_AUTOS = YES_AGGRESSIVE;
				GCC_WARN_UNUSED_FUNCTION = YES;
				GCC_WARN_UNUSED_VARIABLE = YES;
				IPHONEOS_DEPLOYMENT_TARGET = 13.4;
				MTL_ENABLE_DEBUG_INFO = INCLUDE_SOURCE;
				MTL_FAST_MATH = YES;
				ONLY_ACTIVE_ARCH = YES;
				SDKROOT = iphoneos;
				SWIFT_ACTIVE_COMPILATION_CONDITIONS = DEBUG;
				SWIFT_OPTIMIZATION_LEVEL = "-Onone";
			};
			name = Debug;
		};
		94E1FE9F2476FC5200054E45 /* Release */ = {
			isa = XCBuildConfiguration;
			buildSettings = {
				ALWAYS_SEARCH_USER_PATHS = NO;
				CLANG_ANALYZER_NONNULL = YES;
				CLANG_ANALYZER_NUMBER_OBJECT_CONVERSION = YES_AGGRESSIVE;
				CLANG_CXX_LANGUAGE_STANDARD = "gnu++14";
				CLANG_CXX_LIBRARY = "libc++";
				CLANG_ENABLE_MODULES = YES;
				CLANG_ENABLE_OBJC_ARC = YES;
				CLANG_ENABLE_OBJC_WEAK = YES;
				CLANG_WARN_BLOCK_CAPTURE_AUTORELEASING = YES;
				CLANG_WARN_BOOL_CONVERSION = YES;
				CLANG_WARN_COMMA = YES;
				CLANG_WARN_CONSTANT_CONVERSION = YES;
				CLANG_WARN_DEPRECATED_OBJC_IMPLEMENTATIONS = YES;
				CLANG_WARN_DIRECT_OBJC_ISA_USAGE = YES_ERROR;
				CLANG_WARN_DOCUMENTATION_COMMENTS = YES;
				CLANG_WARN_EMPTY_BODY = YES;
				CLANG_WARN_ENUM_CONVERSION = YES;
				CLANG_WARN_INFINITE_RECURSION = YES;
				CLANG_WARN_INT_CONVERSION = YES;
				CLANG_WARN_NON_LITERAL_NULL_CONVERSION = YES;
				CLANG_WARN_OBJC_IMPLICIT_RETAIN_SELF = YES;
				CLANG_WARN_OBJC_LITERAL_CONVERSION = YES;
				CLANG_WARN_OBJC_ROOT_CLASS = YES_ERROR;
				CLANG_WARN_RANGE_LOOP_ANALYSIS = YES;
				CLANG_WARN_STRICT_PROTOTYPES = YES;
				CLANG_WARN_SUSPICIOUS_MOVE = YES;
				CLANG_WARN_UNGUARDED_AVAILABILITY = YES_AGGRESSIVE;
				CLANG_WARN_UNREACHABLE_CODE = YES;
				CLANG_WARN__DUPLICATE_METHOD_MATCH = YES;
				COPY_PHASE_STRIP = NO;
				DEBUG_INFORMATION_FORMAT = "dwarf-with-dsym";
				ENABLE_NS_ASSERTIONS = NO;
				ENABLE_STRICT_OBJC_MSGSEND = YES;
				GCC_C_LANGUAGE_STANDARD = gnu11;
				GCC_NO_COMMON_BLOCKS = YES;
				GCC_WARN_64_TO_32_BIT_CONVERSION = YES;
				GCC_WARN_ABOUT_RETURN_TYPE = YES_ERROR;
				GCC_WARN_UNDECLARED_SELECTOR = YES;
				GCC_WARN_UNINITIALIZED_AUTOS = YES_AGGRESSIVE;
				GCC_WARN_UNUSED_FUNCTION = YES;
				GCC_WARN_UNUSED_VARIABLE = YES;
				IPHONEOS_DEPLOYMENT_TARGET = 13.4;
				MTL_ENABLE_DEBUG_INFO = NO;
				MTL_FAST_MATH = YES;
				SDKROOT = iphoneos;
				SWIFT_COMPILATION_MODE = wholemodule;
				SWIFT_OPTIMIZATION_LEVEL = "-O";
				VALIDATE_PRODUCT = YES;
			};
			name = Release;
		};
		94E1FEA12476FC5200054E45 /* Debug */ = {
			isa = XCBuildConfiguration;
			buildSettings = {
				ASSETCATALOG_COMPILER_APPICON_NAME = AppIcon;
				CODE_SIGN_STYLE = Automatic;
				DEVELOPMENT_ASSET_PATHS = "\"TodosTCA/Preview Content\"";
				ENABLE_PREVIEWS = YES;
				INFOPLIST_FILE = TodosTCA/Info.plist;
				LD_RUNPATH_SEARCH_PATHS = (
					"$(inherited)",
					"@executable_path/Frameworks",
				);
				PRODUCT_BUNDLE_IDENTIFIER = com.donaldmcallister.TodosTCA;
				PRODUCT_NAME = "$(TARGET_NAME)";
				SWIFT_VERSION = 5.0;
				TARGETED_DEVICE_FAMILY = "1,2";
			};
			name = Debug;
		};
		94E1FEA22476FC5200054E45 /* Release */ = {
			isa = XCBuildConfiguration;
			buildSettings = {
				ASSETCATALOG_COMPILER_APPICON_NAME = AppIcon;
				CODE_SIGN_STYLE = Automatic;
				DEVELOPMENT_ASSET_PATHS = "\"TodosTCA/Preview Content\"";
				ENABLE_PREVIEWS = YES;
				INFOPLIST_FILE = TodosTCA/Info.plist;
				LD_RUNPATH_SEARCH_PATHS = (
					"$(inherited)",
					"@executable_path/Frameworks",
				);
				PRODUCT_BUNDLE_IDENTIFIER = com.donaldmcallister.TodosTCA;
				PRODUCT_NAME = "$(TARGET_NAME)";
				SWIFT_VERSION = 5.0;
				TARGETED_DEVICE_FAMILY = "1,2";
			};
			name = Release;
		};
		94E1FEB224771DAA00054E45 /* Debug */ = {
			isa = XCBuildConfiguration;
			buildSettings = {
				BUNDLE_LOADER = "$(TEST_HOST)";
				CODE_SIGN_STYLE = Automatic;
				INFOPLIST_FILE = TodosTCATests/Info.plist;
				LD_RUNPATH_SEARCH_PATHS = (
					"$(inherited)",
					"@executable_path/Frameworks",
					"@loader_path/Frameworks",
				);
				PRODUCT_BUNDLE_IDENTIFIER = com.donaldmcallister.TodosTCATests;
				PRODUCT_NAME = "$(TARGET_NAME)";
				SWIFT_VERSION = 5.0;
				TARGETED_DEVICE_FAMILY = "1,2";
				TEST_HOST = "$(BUILT_PRODUCTS_DIR)/TodosTCA.app/TodosTCA";
			};
			name = Debug;
		};
		94E1FEB324771DAA00054E45 /* Release */ = {
			isa = XCBuildConfiguration;
			buildSettings = {
				BUNDLE_LOADER = "$(TEST_HOST)";
				CODE_SIGN_STYLE = Automatic;
				INFOPLIST_FILE = TodosTCATests/Info.plist;
				LD_RUNPATH_SEARCH_PATHS = (
					"$(inherited)",
					"@executable_path/Frameworks",
					"@loader_path/Frameworks",
				);
				PRODUCT_BUNDLE_IDENTIFIER = com.donaldmcallister.TodosTCATests;
				PRODUCT_NAME = "$(TARGET_NAME)";
				SWIFT_VERSION = 5.0;
				TARGETED_DEVICE_FAMILY = "1,2";
				TEST_HOST = "$(BUILT_PRODUCTS_DIR)/TodosTCA.app/TodosTCA";
			};
			name = Release;
		};
/* End XCBuildConfiguration section */

/* Begin XCConfigurationList section */
		94E1FE872476FC5100054E45 /* Build configuration list for PBXProject "TodosTCA" */ = {
			isa = XCConfigurationList;
			buildConfigurations = (
				94E1FE9E2476FC5200054E45 /* Debug */,
				94E1FE9F2476FC5200054E45 /* Release */,
			);
			defaultConfigurationIsVisible = 0;
			defaultConfigurationName = Release;
		};
		94E1FEA02476FC5200054E45 /* Build configuration list for PBXNativeTarget "TodosTCA" */ = {
			isa = XCConfigurationList;
			buildConfigurations = (
				94E1FEA12476FC5200054E45 /* Debug */,
				94E1FEA22476FC5200054E45 /* Release */,
			);
			defaultConfigurationIsVisible = 0;
			defaultConfigurationName = Release;
		};
		94E1FEB124771DAA00054E45 /* Build configuration list for PBXNativeTarget "TodosTCATests" */ = {
			isa = XCConfigurationList;
			buildConfigurations = (
				94E1FEB224771DAA00054E45 /* Debug */,
				94E1FEB324771DAA00054E45 /* Release */,
			);
			defaultConfigurationIsVisible = 0;
			defaultConfigurationName = Release;
		};
/* End XCConfigurationList section */

/* Begin XCRemoteSwiftPackageReference section */
		94E1FEA32476FCAB00054E45 /* XCRemoteSwiftPackageReference "swift-composable-architecture" */ = {
			isa = XCRemoteSwiftPackageReference;
			repositoryURL = "https://github.com/pointfreeco/swift-composable-architecture.git";
			requirement = {
				kind = upToNextMajorVersion;
				minimumVersion = 0.2.0;
			};
		};
/* End XCRemoteSwiftPackageReference section */

/* Begin XCSwiftPackageProductDependency section */
		94E1FEA42476FCAB00054E45 /* ComposableArchitecture */ = {
			isa = XCSwiftPackageProductDependency;
			package = 94E1FEA32476FCAB00054E45 /* XCRemoteSwiftPackageReference "swift-composable-architecture" */;
			productName = ComposableArchitecture;
		};
/* End XCSwiftPackageProductDependency section */
	};
	rootObject = 94E1FE842476FC5100054E45 /* Project object */;
}
